
Microsoft Visual Studio Solution File, Format Version 12.00
# Visual Studio Version 17
VisualStudioVersion = 17.7.34024.191
MinimumVisualStudioVersion = 10.0.40219.1
Project("{8BC9CEB8-8B4A-11D0-8D11-00A0C91BC942}") = "Task 5.2", "Task 5.2\Task 5.2.vcxproj", "{D0458A28-EA0B-403A-BAE0-ECD154D6C93F}"
EndProject
Global
	GlobalSection(SolutionConfigurationPlatforms) = preSolution
		Debug|x64 = Debug|x64
		Debug|x86 = Debug|x86
		Release|x64 = Release|x64
		Release|x86 = Release|x86
	EndGlobalSection
	GlobalSection(ProjectConfigurationPlatforms) = postSolution
		{D0458A28-EA0B-403A-BAE0-ECD154D6C93F}.Debug|x64.ActiveCfg = Debug|x64
		{D0458A28-EA0B-403A-BAE0-ECD154D6C93F}.Debug|x64.Build.0 = Debug|x64
		{D0458A28-EA0B-403A-BAE0-ECD154D6C93F}.Debug|x86.ActiveCfg = Debug|Win32
		{D0458A28-EA0B-403A-BAE0-ECD154D6C93F}.Debug|x86.Build.0 = Debug|Win32
		{D0458A28-EA0B-403A-BAE0-ECD154D6C93F}.Release|x64.ActiveCfg = Release|x64
		{D0458A28-EA0B-403A-BAE0-ECD154D6C93F}.Release|x64.Build.0 = Release|x64
		{D0458A28-EA0B-403A-BAE0-ECD154D6C93F}.Release|x86.ActiveCfg = Release|Win32
		{D0458A28-EA0B-403A-BAE0-ECD154D6C93F}.Release|x86.Build.0 = Release|Win32
	EndGlobalSection
	GlobalSection(SolutionProperties) = preSolution
		HideSolutionNode = FALSE
	EndGlobalSection
	GlobalSection(ExtensibilityGlobals) = postSolution
		SolutionGuid = {F1AD2797-FF9C-43C9-BCAE-6F49722E9798}
	EndGlobalSection
EndGlobal
